
Microsoft Visual Studio Solution File, Format Version 12.00
# Visual Studio Version 17
VisualStudioVersion = 17.1.32210.238
MinimumVisualStudioVersion = 10.0.40219.1
Project("{9A19103F-16F7-4668-BE54-9A1E7A4F7556}") = "Ntk.AsterNet.AMI", "src\DotNet\Ntk.AsterNet.AMI\Ntk.AsterNet.AMI.csproj", "{AE7FDA9C-773D-42F1-93EC-2CFF3EC20848}"
EndProject
Project("{9A19103F-16F7-4668-BE54-9A1E7A4F7556}") = "Ntk.AsterNet.ARI", "src\DotNet\Ntk.AsterNet.ARI\Ntk.AsterNet.ARI.csproj", "{DED4BC4E-5FAF-44FF-A931-9D77DFAADE1D}"
EndProject
Project("{FAE04EC0-301F-11D3-BF4B-00C04F79EFBC}") = "Ntk.Asterisk.WinForm.AMI", "src\DotNet\Ntk.Asterisk.WinForm.AMI\Ntk.Asterisk.WinForm.AMI.csproj", "{72207EE4-7D27-4459-B3A1-618EDFDB79E8}"
EndProject
Project("{FAE04EC0-301F-11D3-BF4B-00C04F79EFBC}") = "Ntk.Asterisk.Console.AMI", "src\DotNet\Ntk.Asterisk.Console.AMI\Ntk.Asterisk.Console.AMI.csproj", "{CBE6B690-438B-4180-95E4-2C5B0165C627}"
EndProject
Project("{FAE04EC0-301F-11D3-BF4B-00C04F79EFBC}") = "Ntk.Asterisk.WinForm.ARI", "src\DotNet\Ntk.Asterisk.WinForm.ARI\Ntk.Asterisk.WinForm.ARI.csproj", "{F96ED071-4B23-438D-AB18-A5AE62CC8E8B}"
EndProject
Project("{FAE04EC0-301F-11D3-BF4B-00C04F79EFBC}") = "Ntk.Asterisk.Console.ARI", "src\DotNet\Ntk.Asterisk.Console.ARI\Ntk.Asterisk.Console.ARI.csproj", "{5E184AA7-E494-42F8-BAB2-D4789EA3B071}"
EndProject
Project("{2150E333-8FDC-42A3-9474-1A3956D46DE8}") = "src", "src", "{827E0CD3-B72D-47B6-A68D-7590B98EB39B}"
EndProject
Project("{2150E333-8FDC-42A3-9474-1A3956D46DE8}") = "DotNet", "DotNet", "{204ECC8A-4C8C-06A8-7EEC-D568B118FA74}"
EndProject
Project("{FAE04EC0-301F-11D3-BF4B-00C04F79EFBC}") = "Ntk.Asterisk.WebApi", "src\DotNet\Ntk.Asterisk.WebApi\Ntk.Asterisk.WebApi.csproj", "{92A9304B-8F71-4EF3-AF1B-283434F78DDF}"
EndProject
Project("{2150E333-8FDC-42A3-9474-1A3956D46DE8}") = "WebPhone", "WebPhone", "{4065407E-BDD1-CAFB-5329-7C785894C498}"
EndProject
Project("{FAE04EC0-301F-11D3-BF4B-00C04F79EFBC}") = "Ntk.Asterisk.WebPhone", "src\WebPhone\Ntk.Asterisk.WebPhone\Ntk.Asterisk.WebPhone.csproj", "{091B8AB4-CA64-4709-ADD6-B6B15DC4B618}"
EndProject
Project("{2150E333-8FDC-42A3-9474-1A3956D46DE8}") = "Aspire", "Aspire", "{52BF7FB6-37FF-5100-EFD1-124EFF302675}"
EndProject
Project("{FAE04EC0-301F-11D3-BF4B-00C04F79EFBC}") = "Ntk.Asterisk.AppHost", "src\Aspire\Ntk.Asterisk.AppHost\Ntk.Asterisk.AppHost.csproj", "{85D516D1-5CBF-4EDE-B3D8-4954C91325DB}"
EndProject
Project("{FAE04EC0-301F-11D3-BF4B-00C04F79EFBC}") = "Ntk.Asterisk.ServiceDefaults", "src\Aspire\Ntk.Asterisk.ServiceDefaults\Ntk.Asterisk.ServiceDefaults.csproj", "{529D47E3-E9A1-4365-B224-D1CEFB6AE5A1}"
EndProject
Project("{FAE04EC0-301F-11D3-BF4B-00C04F79EFBC}") = "Ntk.Asterisk.Domain", "src\DotNet\Ntk.Asterisk.Domain\Ntk.Asterisk.Domain.csproj", "{E287DD1A-5CC3-49BC-935A-80ED2E23D1AF}"
EndProject
Project("{FAE04EC0-301F-11D3-BF4B-00C04F79EFBC}") = "Ntk.Asterisk.AuditLog", "src\DotNet\Ntk.Asterisk.AuditLog\Ntk.Asterisk.AuditLog.csproj", "{A77F71F3-6399-4287-AF1D-A130545545A4}"
EndProject
Project("{FAE04EC0-301F-11D3-BF4B-00C04F79EFBC}") = "Ntk.Asterisk.Core", "src\DotNet\Ntk.Asterisk.Core\Ntk.Asterisk.Core.csproj", "{59367E68-1AC6-4E0B-99C7-596D7442E93A}"
EndProject
Project("{FAE04EC0-301F-11D3-BF4B-00C04F79EFBC}") = "Ntk.Asterisk.AMI", "src\DotNet\Ntk.Asterisk.AMI\Ntk.Asterisk.AMI.csproj", "{16DC8158-7F0B-4BBC-B609-728D03B80FE1}"
EndProject
Project("{FAE04EC0-301F-11D3-BF4B-00C04F79EFBC}") = "Ntk.Asterisk.ARI", "src\DotNet\Ntk.Asterisk.ARI\Ntk.Asterisk.ARI.csproj", "{DFA68B72-4E5B-4273-BB90-80B2123AD94D}"
EndProject
Project("{FAE04EC0-301F-11D3-BF4B-00C04F79EFBC}") = "Ntk.Asterisk.Monitoring", "src\DotNet\Ntk.Asterisk.Monitoring\Ntk.Asterisk.Monitoring.csproj", "{81449530-6EFA-4F79-9E8B-227DE5ABAB05}"
EndProject
Project("{FAE04EC0-301F-11D3-BF4B-00C04F79EFBC}") = "Ntk.Asterisk.Database", "src\DotNet\Ntk.Asterisk.Database\Ntk.Asterisk.Database.csproj", "{B7A16BBD-A06A-4D4E-9CE7-C4F91E2297A4}"
EndProject
Project("{FAE04EC0-301F-11D3-BF4B-00C04F79EFBC}") = "Ntk.Asterisk.Worker", "src\DotNet\Ntk.Asterisk.Worker\Ntk.Asterisk.Worker.csproj", "{44FF3980-1FDD-4790-9BFE-9386C9B0F2A7}"
EndProject
Global
	GlobalSection(SolutionConfigurationPlatforms) = preSolution
		Debug|Any CPU = Debug|Any CPU
		Debug|x64 = Debug|x64
		Debug|x86 = Debug|x86
		Release|Any CPU = Release|Any CPU
		Release|x64 = Release|x64
		Release|x86 = Release|x86
	EndGlobalSection
	GlobalSection(ProjectConfigurationPlatforms) = postSolution
		{AE7FDA9C-773D-42F1-93EC-2CFF3EC20848}.Debug|Any CPU.ActiveCfg = Debug|Any CPU
		{AE7FDA9C-773D-42F1-93EC-2CFF3EC20848}.Debug|Any CPU.Build.0 = Debug|Any CPU
		{AE7FDA9C-773D-42F1-93EC-2CFF3EC20848}.Debug|x64.ActiveCfg = Debug|Any CPU
		{AE7FDA9C-773D-42F1-93EC-2CFF3EC20848}.Debug|x64.Build.0 = Debug|Any CPU
		{AE7FDA9C-773D-42F1-93EC-2CFF3EC20848}.Debug|x86.ActiveCfg = Debug|Any CPU
		{AE7FDA9C-773D-42F1-93EC-2CFF3EC20848}.Debug|x86.Build.0 = Debug|Any CPU
		{AE7FDA9C-773D-42F1-93EC-2CFF3EC20848}.Release|Any CPU.ActiveCfg = Release|Any CPU
		{AE7FDA9C-773D-42F1-93EC-2CFF3EC20848}.Release|Any CPU.Build.0 = Release|Any CPU
		{AE7FDA9C-773D-42F1-93EC-2CFF3EC20848}.Release|x64.ActiveCfg = Release|Any CPU
		{AE7FDA9C-773D-42F1-93EC-2CFF3EC20848}.Release|x64.Build.0 = Release|Any CPU
		{AE7FDA9C-773D-42F1-93EC-2CFF3EC20848}.Release|x86.ActiveCfg = Release|Any CPU
		{AE7FDA9C-773D-42F1-93EC-2CFF3EC20848}.Release|x86.Build.0 = Release|Any CPU
		{DED4BC4E-5FAF-44FF-A931-9D77DFAADE1D}.Debug|Any CPU.ActiveCfg = Debug|Any CPU
		{DED4BC4E-5FAF-44FF-A931-9D77DFAADE1D}.Debug|Any CPU.Build.0 = Debug|Any CPU
		{DED4BC4E-5FAF-44FF-A931-9D77DFAADE1D}.Debug|x64.ActiveCfg = Debug|Any CPU
		{DED4BC4E-5FAF-44FF-A931-9D77DFAADE1D}.Debug|x64.Build.0 = Debug|Any CPU
		{DED4BC4E-5FAF-44FF-A931-9D77DFAADE1D}.Debug|x86.ActiveCfg = Debug|Any CPU
		{DED4BC4E-5FAF-44FF-A931-9D77DFAADE1D}.Debug|x86.Build.0 = Debug|Any CPU
		{DED4BC4E-5FAF-44FF-A931-9D77DFAADE1D}.Release|Any CPU.ActiveCfg = Release|Any CPU
		{DED4BC4E-5FAF-44FF-A931-9D77DFAADE1D}.Release|Any CPU.Build.0 = Release|Any CPU
		{DED4BC4E-5FAF-44FF-A931-9D77DFAADE1D}.Release|x64.ActiveCfg = Release|Any CPU
		{DED4BC4E-5FAF-44FF-A931-9D77DFAADE1D}.Release|x64.Build.0 = Release|Any CPU
		{DED4BC4E-5FAF-44FF-A931-9D77DFAADE1D}.Release|x86.ActiveCfg = Release|Any CPU
		{DED4BC4E-5FAF-44FF-A931-9D77DFAADE1D}.Release|x86.Build.0 = Release|Any CPU
		{72207EE4-7D27-4459-B3A1-618EDFDB79E8}.Debug|Any CPU.ActiveCfg = Debug|Any CPU
		{72207EE4-7D27-4459-B3A1-618EDFDB79E8}.Debug|Any CPU.Build.0 = Debug|Any CPU
		{72207EE4-7D27-4459-B3A1-618EDFDB79E8}.Debug|x64.ActiveCfg = Debug|Any CPU
		{72207EE4-7D27-4459-B3A1-618EDFDB79E8}.Debug|x64.Build.0 = Debug|Any CPU
		{72207EE4-7D27-4459-B3A1-618EDFDB79E8}.Debug|x86.ActiveCfg = Debug|Any CPU
		{72207EE4-7D27-4459-B3A1-618EDFDB79E8}.Debug|x86.Build.0 = Debug|Any CPU
		{72207EE4-7D27-4459-B3A1-618EDFDB79E8}.Release|Any CPU.ActiveCfg = Release|Any CPU
		{72207EE4-7D27-4459-B3A1-618EDFDB79E8}.Release|Any CPU.Build.0 = Release|Any CPU
		{72207EE4-7D27-4459-B3A1-618EDFDB79E8}.Release|x64.ActiveCfg = Release|Any CPU
		{72207EE4-7D27-4459-B3A1-618EDFDB79E8}.Release|x64.Build.0 = Release|Any CPU
		{72207EE4-7D27-4459-B3A1-618EDFDB79E8}.Release|x86.ActiveCfg = Release|Any CPU
		{72207EE4-7D27-4459-B3A1-618EDFDB79E8}.Release|x86.Build.0 = Release|Any CPU
		{CBE6B690-438B-4180-95E4-2C5B0165C627}.Debug|Any CPU.ActiveCfg = Debug|Any CPU
		{CBE6B690-438B-4180-95E4-2C5B0165C627}.Debug|Any CPU.Build.0 = Debug|Any CPU
		{CBE6B690-438B-4180-95E4-2C5B0165C627}.Debug|x64.ActiveCfg = Debug|Any CPU
		{CBE6B690-438B-4180-95E4-2C5B0165C627}.Debug|x64.Build.0 = Debug|Any CPU
		{CBE6B690-438B-4180-95E4-2C5B0165C627}.Debug|x86.ActiveCfg = Debug|Any CPU
		{CBE6B690-438B-4180-95E4-2C5B0165C627}.Debug|x86.Build.0 = Debug|Any CPU
		{CBE6B690-438B-4180-95E4-2C5B0165C627}.Release|Any CPU.ActiveCfg = Release|Any CPU
		{CBE6B690-438B-4180-95E4-2C5B0165C627}.Release|Any CPU.Build.0 = Release|Any CPU
		{CBE6B690-438B-4180-95E4-2C5B0165C627}.Release|x64.ActiveCfg = Release|Any CPU
		{CBE6B690-438B-4180-95E4-2C5B0165C627}.Release|x64.Build.0 = Release|Any CPU
		{CBE6B690-438B-4180-95E4-2C5B0165C627}.Release|x86.ActiveCfg = Release|Any CPU
		{CBE6B690-438B-4180-95E4-2C5B0165C627}.Release|x86.Build.0 = Release|Any CPU
		{F96ED071-4B23-438D-AB18-A5AE62CC8E8B}.Debug|Any CPU.ActiveCfg = Debug|Any CPU
		{F96ED071-4B23-438D-AB18-A5AE62CC8E8B}.Debug|Any CPU.Build.0 = Debug|Any CPU
		{F96ED071-4B23-438D-AB18-A5AE62CC8E8B}.Debug|x64.ActiveCfg = Debug|Any CPU
		{F96ED071-4B23-438D-AB18-A5AE62CC8E8B}.Debug|x64.Build.0 = Debug|Any CPU
		{F96ED071-4B23-438D-AB18-A5AE62CC8E8B}.Debug|x86.ActiveCfg = Debug|Any CPU
		{F96ED071-4B23-438D-AB18-A5AE62CC8E8B}.Debug|x86.Build.0 = Debug|Any CPU
		{F96ED071-4B23-438D-AB18-A5AE62CC8E8B}.Release|Any CPU.ActiveCfg = Release|Any CPU
		{F96ED071-4B23-438D-AB18-A5AE62CC8E8B}.Release|Any CPU.Build.0 = Release|Any CPU
		{F96ED071-4B23-438D-AB18-A5AE62CC8E8B}.Release|x64.ActiveCfg = Release|Any CPU
		{F96ED071-4B23-438D-AB18-A5AE62CC8E8B}.Release|x64.Build.0 = Release|Any CPU
		{F96ED071-4B23-438D-AB18-A5AE62CC8E8B}.Release|x86.ActiveCfg = Release|Any CPU
		{F96ED071-4B23-438D-AB18-A5AE62CC8E8B}.Release|x86.Build.0 = Release|Any CPU
		{5E184AA7-E494-42F8-BAB2-D4789EA3B071}.Debug|Any CPU.ActiveCfg = Debug|Any CPU
		{5E184AA7-E494-42F8-BAB2-D4789EA3B071}.Debug|Any CPU.Build.0 = Debug|Any CPU
		{5E184AA7-E494-42F8-BAB2-D4789EA3B071}.Debug|x64.ActiveCfg = Debug|Any CPU
		{5E184AA7-E494-42F8-BAB2-D4789EA3B071}.Debug|x64.Build.0 = Debug|Any CPU
		{5E184AA7-E494-42F8-BAB2-D4789EA3B071}.Debug|x86.ActiveCfg = Debug|Any CPU
		{5E184AA7-E494-42F8-BAB2-D4789EA3B071}.Debug|x86.Build.0 = Debug|Any CPU
		{5E184AA7-E494-42F8-BAB2-D4789EA3B071}.Release|Any CPU.ActiveCfg = Release|Any CPU
		{5E184AA7-E494-42F8-BAB2-D4789EA3B071}.Release|Any CPU.Build.0 = Release|Any CPU
		{5E184AA7-E494-42F8-BAB2-D4789EA3B071}.Release|x64.ActiveCfg = Release|Any CPU
		{5E184AA7-E494-42F8-BAB2-D4789EA3B071}.Release|x64.Build.0 = Release|Any CPU
		{5E184AA7-E494-42F8-BAB2-D4789EA3B071}.Release|x86.ActiveCfg = Release|Any CPU
		{5E184AA7-E494-42F8-BAB2-D4789EA3B071}.Release|x86.Build.0 = Release|Any CPU
		{92A9304B-8F71-4EF3-AF1B-283434F78DDF}.Debug|Any CPU.ActiveCfg = Debug|Any CPU
		{92A9304B-8F71-4EF3-AF1B-283434F78DDF}.Debug|Any CPU.Build.0 = Debug|Any CPU
		{92A9304B-8F71-4EF3-AF1B-283434F78DDF}.Debug|x64.ActiveCfg = Debug|Any CPU
		{92A9304B-8F71-4EF3-AF1B-283434F78DDF}.Debug|x64.Build.0 = Debug|Any CPU
		{92A9304B-8F71-4EF3-AF1B-283434F78DDF}.Debug|x86.ActiveCfg = Debug|Any CPU
		{92A9304B-8F71-4EF3-AF1B-283434F78DDF}.Debug|x86.Build.0 = Debug|Any CPU
		{92A9304B-8F71-4EF3-AF1B-283434F78DDF}.Release|Any CPU.ActiveCfg = Release|Any CPU
		{92A9304B-8F71-4EF3-AF1B-283434F78DDF}.Release|Any CPU.Build.0 = Release|Any CPU
		{92A9304B-8F71-4EF3-AF1B-283434F78DDF}.Release|x64.ActiveCfg = Release|Any CPU
		{92A9304B-8F71-4EF3-AF1B-283434F78DDF}.Release|x64.Build.0 = Release|Any CPU
		{92A9304B-8F71-4EF3-AF1B-283434F78DDF}.Release|x86.ActiveCfg = Release|Any CPU
		{92A9304B-8F71-4EF3-AF1B-283434F78DDF}.Release|x86.Build.0 = Release|Any CPU
		{091B8AB4-CA64-4709-ADD6-B6B15DC4B618}.Debug|Any CPU.ActiveCfg = Debug|Any CPU
		{091B8AB4-CA64-4709-ADD6-B6B15DC4B618}.Debug|Any CPU.Build.0 = Debug|Any CPU
		{091B8AB4-CA64-4709-ADD6-B6B15DC4B618}.Debug|x64.ActiveCfg = Debug|Any CPU
		{091B8AB4-CA64-4709-ADD6-B6B15DC4B618}.Debug|x64.Build.0 = Debug|Any CPU
		{091B8AB4-CA64-4709-ADD6-B6B15DC4B618}.Debug|x86.ActiveCfg = Debug|Any CPU
		{091B8AB4-CA64-4709-ADD6-B6B15DC4B618}.Debug|x86.Build.0 = Debug|Any CPU
		{091B8AB4-CA64-4709-ADD6-B6B15DC4B618}.Release|Any CPU.ActiveCfg = Release|Any CPU
		{091B8AB4-CA64-4709-ADD6-B6B15DC4B618}.Release|Any CPU.Build.0 = Release|Any CPU
		{091B8AB4-CA64-4709-ADD6-B6B15DC4B618}.Release|x64.ActiveCfg = Release|Any CPU
		{091B8AB4-CA64-4709-ADD6-B6B15DC4B618}.Release|x64.Build.0 = Release|Any CPU
		{091B8AB4-CA64-4709-ADD6-B6B15DC4B618}.Release|x86.ActiveCfg = Release|Any CPU
		{091B8AB4-CA64-4709-ADD6-B6B15DC4B618}.Release|x86.Build.0 = Release|Any CPU
		{85D516D1-5CBF-4EDE-B3D8-4954C91325DB}.Debug|Any CPU.ActiveCfg = Debug|Any CPU
		{85D516D1-5CBF-4EDE-B3D8-4954C91325DB}.Debug|Any CPU.Build.0 = Debug|Any CPU
		{85D516D1-5CBF-4EDE-B3D8-4954C91325DB}.Debug|x64.ActiveCfg = Debug|Any CPU
		{85D516D1-5CBF-4EDE-B3D8-4954C91325DB}.Debug|x64.Build.0 = Debug|Any CPU
		{85D516D1-5CBF-4EDE-B3D8-4954C91325DB}.Debug|x86.ActiveCfg = Debug|Any CPU
		{85D516D1-5CBF-4EDE-B3D8-4954C91325DB}.Debug|x86.Build.0 = Debug|Any CPU
		{85D516D1-5CBF-4EDE-B3D8-4954C91325DB}.Release|Any CPU.ActiveCfg = Release|Any CPU
		{85D516D1-5CBF-4EDE-B3D8-4954C91325DB}.Release|Any CPU.Build.0 = Release|Any CPU
		{85D516D1-5CBF-4EDE-B3D8-4954C91325DB}.Release|x64.ActiveCfg = Release|Any CPU
		{85D516D1-5CBF-4EDE-B3D8-4954C91325DB}.Release|x64.Build.0 = Release|Any CPU
		{85D516D1-5CBF-4EDE-B3D8-4954C91325DB}.Release|x86.ActiveCfg = Release|Any CPU
		{85D516D1-5CBF-4EDE-B3D8-4954C91325DB}.Release|x86.Build.0 = Release|Any CPU
		{529D47E3-E9A1-4365-B224-D1CEFB6AE5A1}.Debug|Any CPU.ActiveCfg = Debug|Any CPU
		{529D47E3-E9A1-4365-B224-D1CEFB6AE5A1}.Debug|Any CPU.Build.0 = Debug|Any CPU
		{529D47E3-E9A1-4365-B224-D1CEFB6AE5A1}.Debug|x64.ActiveCfg = Debug|Any CPU
		{529D47E3-E9A1-4365-B224-D1CEFB6AE5A1}.Debug|x64.Build.0 = Debug|Any CPU
		{529D47E3-E9A1-4365-B224-D1CEFB6AE5A1}.Debug|x86.ActiveCfg = Debug|Any CPU
		{529D47E3-E9A1-4365-B224-D1CEFB6AE5A1}.Debug|x86.Build.0 = Debug|Any CPU
		{529D47E3-E9A1-4365-B224-D1CEFB6AE5A1}.Release|Any CPU.ActiveCfg = Release|Any CPU
		{529D47E3-E9A1-4365-B224-D1CEFB6AE5A1}.Release|Any CPU.Build.0 = Release|Any CPU
		{529D47E3-E9A1-4365-B224-D1CEFB6AE5A1}.Release|x64.ActiveCfg = Release|Any CPU
		{529D47E3-E9A1-4365-B224-D1CEFB6AE5A1}.Release|x64.Build.0 = Release|Any CPU
		{529D47E3-E9A1-4365-B224-D1CEFB6AE5A1}.Release|x86.ActiveCfg = Release|Any CPU
		{529D47E3-E9A1-4365-B224-D1CEFB6AE5A1}.Release|x86.Build.0 = Release|Any CPU
		{E287DD1A-5CC3-49BC-935A-80ED2E23D1AF}.Debug|Any CPU.ActiveCfg = Debug|Any CPU
		{E287DD1A-5CC3-49BC-935A-80ED2E23D1AF}.Debug|Any CPU.Build.0 = Debug|Any CPU
		{E287DD1A-5CC3-49BC-935A-80ED2E23D1AF}.Debug|x64.ActiveCfg = Debug|Any CPU
		{E287DD1A-5CC3-49BC-935A-80ED2E23D1AF}.Debug|x64.Build.0 = Debug|Any CPU
		{E287DD1A-5CC3-49BC-935A-80ED2E23D1AF}.Debug|x86.ActiveCfg = Debug|Any CPU
		{E287DD1A-5CC3-49BC-935A-80ED2E23D1AF}.Debug|x86.Build.0 = Debug|Any CPU
		{E287DD1A-5CC3-49BC-935A-80ED2E23D1AF}.Release|Any CPU.ActiveCfg = Release|Any CPU
		{E287DD1A-5CC3-49BC-935A-80ED2E23D1AF}.Release|Any CPU.Build.0 = Release|Any CPU
		{E287DD1A-5CC3-49BC-935A-80ED2E23D1AF}.Release|x64.ActiveCfg = Release|Any CPU
		{E287DD1A-5CC3-49BC-935A-80ED2E23D1AF}.Release|x64.Build.0 = Release|Any CPU
		{E287DD1A-5CC3-49BC-935A-80ED2E23D1AF}.Release|x86.ActiveCfg = Release|Any CPU
		{E287DD1A-5CC3-49BC-935A-80ED2E23D1AF}.Release|x86.Build.0 = Release|Any CPU
		{A77F71F3-6399-4287-AF1D-A130545545A4}.Debug|Any CPU.ActiveCfg = Debug|Any CPU
		{A77F71F3-6399-4287-AF1D-A130545545A4}.Debug|Any CPU.Build.0 = Debug|Any CPU
		{A77F71F3-6399-4287-AF1D-A130545545A4}.Debug|x64.ActiveCfg = Debug|Any CPU
		{A77F71F3-6399-4287-AF1D-A130545545A4}.Debug|x64.Build.0 = Debug|Any CPU
		{A77F71F3-6399-4287-AF1D-A130545545A4}.Debug|x86.ActiveCfg = Debug|Any CPU
		{A77F71F3-6399-4287-AF1D-A130545545A4}.Debug|x86.Build.0 = Debug|Any CPU
		{A77F71F3-6399-4287-AF1D-A130545545A4}.Release|Any CPU.ActiveCfg = Release|Any CPU
		{A77F71F3-6399-4287-AF1D-A130545545A4}.Release|Any CPU.Build.0 = Release|Any CPU
		{A77F71F3-6399-4287-AF1D-A130545545A4}.Release|x64.ActiveCfg = Release|Any CPU
		{A77F71F3-6399-4287-AF1D-A130545545A4}.Release|x64.Build.0 = Release|Any CPU
		{A77F71F3-6399-4287-AF1D-A130545545A4}.Release|x86.ActiveCfg = Release|Any CPU
		{A77F71F3-6399-4287-AF1D-A130545545A4}.Release|x86.Build.0 = Release|Any CPU
		{59367E68-1AC6-4E0B-99C7-596D7442E93A}.Debug|Any CPU.ActiveCfg = Debug|Any CPU
		{59367E68-1AC6-4E0B-99C7-596D7442E93A}.Debug|Any CPU.Build.0 = Debug|Any CPU
		{59367E68-1AC6-4E0B-99C7-596D7442E93A}.Debug|x64.ActiveCfg = Debug|Any CPU
		{59367E68-1AC6-4E0B-99C7-596D7442E93A}.Debug|x64.Build.0 = Debug|Any CPU
		{59367E68-1AC6-4E0B-99C7-596D7442E93A}.Debug|x86.ActiveCfg = Debug|Any CPU
		{59367E68-1AC6-4E0B-99C7-596D7442E93A}.Debug|x86.Build.0 = Debug|Any CPU
		{59367E68-1AC6-4E0B-99C7-596D7442E93A}.Release|Any CPU.ActiveCfg = Release|Any CPU
		{59367E68-1AC6-4E0B-99C7-596D7442E93A}.Release|Any CPU.Build.0 = Release|Any CPU
		{59367E68-1AC6-4E0B-99C7-596D7442E93A}.Release|x64.ActiveCfg = Release|Any CPU
		{59367E68-1AC6-4E0B-99C7-596D7442E93A}.Release|x64.Build.0 = Release|Any CPU
		{59367E68-1AC6-4E0B-99C7-596D7442E93A}.Release|x86.ActiveCfg = Release|Any CPU
		{59367E68-1AC6-4E0B-99C7-596D7442E93A}.Release|x86.Build.0 = Release|Any CPU
		{16DC8158-7F0B-4BBC-B609-728D03B80FE1}.Debug|Any CPU.ActiveCfg = Debug|Any CPU
		{16DC8158-7F0B-4BBC-B609-728D03B80FE1}.Debug|Any CPU.Build.0 = Debug|Any CPU
		{16DC8158-7F0B-4BBC-B609-728D03B80FE1}.Debug|x64.ActiveCfg = Debug|Any CPU
		{16DC8158-7F0B-4BBC-B609-728D03B80FE1}.Debug|x64.Build.0 = Debug|Any CPU
		{16DC8158-7F0B-4BBC-B609-728D03B80FE1}.Debug|x86.ActiveCfg = Debug|Any CPU
		{16DC8158-7F0B-4BBC-B609-728D03B80FE1}.Debug|x86.Build.0 = Debug|Any CPU
		{16DC8158-7F0B-4BBC-B609-728D03B80FE1}.Release|Any CPU.ActiveCfg = Release|Any CPU
		{16DC8158-7F0B-4BBC-B609-728D03B80FE1}.Release|Any CPU.Build.0 = Release|Any CPU
		{16DC8158-7F0B-4BBC-B609-728D03B80FE1}.Release|x64.ActiveCfg = Release|Any CPU
		{16DC8158-7F0B-4BBC-B609-728D03B80FE1}.Release|x64.Build.0 = Release|Any CPU
		{16DC8158-7F0B-4BBC-B609-728D03B80FE1}.Release|x86.ActiveCfg = Release|Any CPU
		{16DC8158-7F0B-4BBC-B609-728D03B80FE1}.Release|x86.Build.0 = Release|Any CPU
		{DFA68B72-4E5B-4273-BB90-80B2123AD94D}.Debug|Any CPU.ActiveCfg = Debug|Any CPU
		{DFA68B72-4E5B-4273-BB90-80B2123AD94D}.Debug|Any CPU.Build.0 = Debug|Any CPU
		{DFA68B72-4E5B-4273-BB90-80B2123AD94D}.Debug|x64.ActiveCfg = Debug|Any CPU
		{DFA68B72-4E5B-4273-BB90-80B2123AD94D}.Debug|x64.Build.0 = Debug|Any CPU
		{DFA68B72-4E5B-4273-BB90-80B2123AD94D}.Debug|x86.ActiveCfg = Debug|Any CPU
		{DFA68B72-4E5B-4273-BB90-80B2123AD94D}.Debug|x86.Build.0 = Debug|Any CPU
		{DFA68B72-4E5B-4273-BB90-80B2123AD94D}.Release|Any CPU.ActiveCfg = Release|Any CPU
		{DFA68B72-4E5B-4273-BB90-80B2123AD94D}.Release|Any CPU.Build.0 = Release|Any CPU
		{DFA68B72-4E5B-4273-BB90-80B2123AD94D}.Release|x64.ActiveCfg = Release|Any CPU
		{DFA68B72-4E5B-4273-BB90-80B2123AD94D}.Release|x64.Build.0 = Release|Any CPU
		{DFA68B72-4E5B-4273-BB90-80B2123AD94D}.Release|x86.ActiveCfg = Release|Any CPU
		{DFA68B72-4E5B-4273-BB90-80B2123AD94D}.Release|x86.Build.0 = Release|Any CPU
		{81449530-6EFA-4F79-9E8B-227DE5ABAB05}.Debug|Any CPU.ActiveCfg = Debug|Any CPU
		{81449530-6EFA-4F79-9E8B-227DE5ABAB05}.Debug|Any CPU.Build.0 = Debug|Any CPU
		{81449530-6EFA-4F79-9E8B-227DE5ABAB05}.Debug|x64.ActiveCfg = Debug|Any CPU
		{81449530-6EFA-4F79-9E8B-227DE5ABAB05}.Debug|x64.Build.0 = Debug|Any CPU
		{81449530-6EFA-4F79-9E8B-227DE5ABAB05}.Debug|x86.ActiveCfg = Debug|Any CPU
		{81449530-6EFA-4F79-9E8B-227DE5ABAB05}.Debug|x86.Build.0 = Debug|Any CPU
		{81449530-6EFA-4F79-9E8B-227DE5ABAB05}.Release|Any CPU.ActiveCfg = Release|Any CPU
		{81449530-6EFA-4F79-9E8B-227DE5ABAB05}.Release|Any CPU.Build.0 = Release|Any CPU
		{81449530-6EFA-4F79-9E8B-227DE5ABAB05}.Release|x64.ActiveCfg = Release|Any CPU
		{81449530-6EFA-4F79-9E8B-227DE5ABAB05}.Release|x64.Build.0 = Release|Any CPU
		{81449530-6EFA-4F79-9E8B-227DE5ABAB05}.Release|x86.ActiveCfg = Release|Any CPU
		{81449530-6EFA-4F79-9E8B-227DE5ABAB05}.Release|x86.Build.0 = Release|Any CPU
		{B7A16BBD-A06A-4D4E-9CE7-C4F91E2297A4}.Debug|Any CPU.ActiveCfg = Debug|Any CPU
		{B7A16BBD-A06A-4D4E-9CE7-C4F91E2297A4}.Debug|Any CPU.Build.0 = Debug|Any CPU
		{B7A16BBD-A06A-4D4E-9CE7-C4F91E2297A4}.Debug|x64.ActiveCfg = Debug|Any CPU
		{B7A16BBD-A06A-4D4E-9CE7-C4F91E2297A4}.Debug|x64.Build.0 = Debug|Any CPU
		{B7A16BBD-A06A-4D4E-9CE7-C4F91E2297A4}.Debug|x86.ActiveCfg = Debug|Any CPU
		{B7A16BBD-A06A-4D4E-9CE7-C4F91E2297A4}.Debug|x86.Build.0 = Debug|Any CPU
		{B7A16BBD-A06A-4D4E-9CE7-C4F91E2297A4}.Release|Any CPU.ActiveCfg = Release|Any CPU
		{B7A16BBD-A06A-4D4E-9CE7-C4F91E2297A4}.Release|Any CPU.Build.0 = Release|Any CPU
		{B7A16BBD-A06A-4D4E-9CE7-C4F91E2297A4}.Release|x64.ActiveCfg = Release|Any CPU
		{B7A16BBD-A06A-4D4E-9CE7-C4F91E2297A4}.Release|x64.Build.0 = Release|Any CPU
		{B7A16BBD-A06A-4D4E-9CE7-C4F91E2297A4}.Release|x86.ActiveCfg = Release|Any CPU
		{B7A16BBD-A06A-4D4E-9CE7-C4F91E2297A4}.Release|x86.Build.0 = Release|Any CPU
		{44FF3980-1FDD-4790-9BFE-9386C9B0F2A7}.Debug|Any CPU.ActiveCfg = Debug|Any CPU
		{44FF3980-1FDD-4790-9BFE-9386C9B0F2A7}.Debug|Any CPU.Build.0 = Debug|Any CPU
		{44FF3980-1FDD-4790-9BFE-9386C9B0F2A7}.Debug|x64.ActiveCfg = Debug|Any CPU
		{44FF3980-1FDD-4790-9BFE-9386C9B0F2A7}.Debug|x64.Build.0 = Debug|Any CPU
		{44FF3980-1FDD-4790-9BFE-9386C9B0F2A7}.Debug|x86.ActiveCfg = Debug|Any CPU
		{44FF3980-1FDD-4790-9BFE-9386C9B0F2A7}.Debug|x86.Build.0 = Debug|Any CPU
		{44FF3980-1FDD-4790-9BFE-9386C9B0F2A7}.Release|Any CPU.ActiveCfg = Release|Any CPU
		{44FF3980-1FDD-4790-9BFE-9386C9B0F2A7}.Release|Any CPU.Build.0 = Release|Any CPU
		{44FF3980-1FDD-4790-9BFE-9386C9B0F2A7}.Release|x64.ActiveCfg = Release|Any CPU
		{44FF3980-1FDD-4790-9BFE-9386C9B0F2A7}.Release|x64.Build.0 = Release|Any CPU
		{44FF3980-1FDD-4790-9BFE-9386C9B0F2A7}.Release|x86.ActiveCfg = Release|Any CPU
		{44FF3980-1FDD-4790-9BFE-9386C9B0F2A7}.Release|x86.Build.0 = Release|Any CPU
	EndGlobalSection
	GlobalSection(SolutionProperties) = preSolution
		HideSolutionNode = FALSE
	EndGlobalSection
	GlobalSection(NestedProjects) = preSolution
		{204ECC8A-4C8C-06A8-7EEC-D568B118FA74} = {827E0CD3-B72D-47B6-A68D-7590B98EB39B}
		{92A9304B-8F71-4EF3-AF1B-283434F78DDF} = {204ECC8A-4C8C-06A8-7EEC-D568B118FA74}
		{4065407E-BDD1-CAFB-5329-7C785894C498} = {827E0CD3-B72D-47B6-A68D-7590B98EB39B}
		{091B8AB4-CA64-4709-ADD6-B6B15DC4B618} = {4065407E-BDD1-CAFB-5329-7C785894C498}
		{52BF7FB6-37FF-5100-EFD1-124EFF302675} = {827E0CD3-B72D-47B6-A68D-7590B98EB39B}
		{85D516D1-5CBF-4EDE-B3D8-4954C91325DB} = {52BF7FB6-37FF-5100-EFD1-124EFF302675}
		{529D47E3-E9A1-4365-B224-D1CEFB6AE5A1} = {52BF7FB6-37FF-5100-EFD1-124EFF302675}
		{E287DD1A-5CC3-49BC-935A-80ED2E23D1AF} = {204ECC8A-4C8C-06A8-7EEC-D568B118FA74}
		{A77F71F3-6399-4287-AF1D-A130545545A4} = {204ECC8A-4C8C-06A8-7EEC-D568B118FA74}
		{59367E68-1AC6-4E0B-99C7-596D7442E93A} = {204ECC8A-4C8C-06A8-7EEC-D568B118FA74}
		{16DC8158-7F0B-4BBC-B609-728D03B80FE1} = {204ECC8A-4C8C-06A8-7EEC-D568B118FA74}
		{DFA68B72-4E5B-4273-BB90-80B2123AD94D} = {204ECC8A-4C8C-06A8-7EEC-D568B118FA74}
		{81449530-6EFA-4F79-9E8B-227DE5ABAB05} = {204ECC8A-4C8C-06A8-7EEC-D568B118FA74}
		{B7A16BBD-A06A-4D4E-9CE7-C4F91E2297A4} = {204ECC8A-4C8C-06A8-7EEC-D568B118FA74}
		{44FF3980-1FDD-4790-9BFE-9386C9B0F2A7} = {204ECC8A-4C8C-06A8-7EEC-D568B118FA74}
	EndGlobalSection
	GlobalSection(ExtensibilityGlobals) = postSolution
		SolutionGuid = {D7E15869-7AC3-41B0-89A9-B7F86E55A705}
	EndGlobalSection
EndGlobal
