
Microsoft Visual Studio Solution File, Format Version 12.00
# Visual Studio Version 17
VisualStudioVersion = 17.1.32210.238
MinimumVisualStudioVersion = 10.0.40219.1
Project("{9A19103F-16F7-4668-BE54-9A1E7A4F7556}") = "Ntk.AsterNet.AMI", "src\DotNet\Ntk.AsterNet.AMI\Ntk.AsterNet.AMI.csproj", "{AE7FDA9C-773D-42F1-93EC-2CFF3EC20848}"
EndProject
Project("{9A19103F-16F7-4668-BE54-9A1E7A4F7556}") = "Ntk.AsterNet.ARI", "src\DotNet\Ntk.AsterNet.ARI\Ntk.AsterNet.ARI.csproj", "{DED4BC4E-5FAF-44FF-A931-9D77DFAADE1D}"
EndProject
Project("{FAE04EC0-301F-11D3-BF4B-00C04F79EFBC}") = "Asterisk.WinForm.AMI", "src\DotNet\Asterisk.WinForm.AMI\Asterisk.WinForm.AMI.csproj", "{72207EE4-7D27-4459-B3A1-618EDFDB79E8}"
EndProject
Project("{FAE04EC0-301F-11D3-BF4B-00C04F79EFBC}") = "Asterisk.Console.AMI", "src\DotNet\Asterisk.Console.AMI\Asterisk.Console.AMI.csproj", "{CBE6B690-438B-4180-95E4-2C5B0165C627}"
EndProject
Project("{FAE04EC0-301F-11D3-BF4B-00C04F79EFBC}") = "Asterisk.WinForm.ARI", "src\DotNet\Asterisk.WinForm.ARI\Asterisk.WinForm.ARI.csproj", "{F96ED071-4B23-438D-AB18-A5AE62CC8E8B}"
EndProject
Project("{FAE04EC0-301F-11D3-BF4B-00C04F79EFBC}") = "Asterisk.Console.ARI", "src\DotNet\Asterisk.Console.ARI\Asterisk.Console.ARI.csproj", "{5E184AA7-E494-42F8-BAB2-D4789EA3B071}"
EndProject
Project("{2150E333-8FDC-42A3-9474-1A3956D46DE8}") = "src", "src", "{827E0CD3-B72D-47B6-A68D-7590B98EB39B}"
EndProject
Project("{2150E333-8FDC-42A3-9474-1A3956D46DE8}") = "DotNet", "DotNet", "{204ECC8A-4C8C-06A8-7EEC-D568B118FA74}"
EndProject
Project("{FAE04EC0-301F-11D3-BF4B-00C04F79EFBC}") = "Ntk.Asterisk.WebApi", "src\DotNet\Ntk.Asterisk.WebApi\Ntk.Asterisk.WebApi.csproj", "{92A9304B-8F71-4EF3-AF1B-283434F78DDF}"
EndProject
Project("{2150E333-8FDC-42A3-9474-1A3956D46DE8}") = "WebPhone", "WebPhone", "{4065407E-BDD1-CAFB-5329-7C785894C498}"
EndProject
Project("{FAE04EC0-301F-11D3-BF4B-00C04F79EFBC}") = "Ntk.Asterisk.WebPhone", "src\WebPhone\Ntk.Asterisk.WebPhone\Ntk.Asterisk.WebPhone.csproj", "{091B8AB4-CA64-4709-ADD6-B6B15DC4B618}"
EndProject
Global
	GlobalSection(SolutionConfigurationPlatforms) = preSolution
		Debug|Any CPU = Debug|Any CPU
		Debug|x64 = Debug|x64
		Debug|x86 = Debug|x86
		Release|Any CPU = Release|Any CPU
		Release|x64 = Release|x64
		Release|x86 = Release|x86
	EndGlobalSection
	GlobalSection(ProjectConfigurationPlatforms) = postSolution
		{AE7FDA9C-773D-42F1-93EC-2CFF3EC20848}.Debug|Any CPU.ActiveCfg = Debug|Any CPU
		{AE7FDA9C-773D-42F1-93EC-2CFF3EC20848}.Debug|Any CPU.Build.0 = Debug|Any CPU
		{AE7FDA9C-773D-42F1-93EC-2CFF3EC20848}.Debug|x64.ActiveCfg = Debug|Any CPU
		{AE7FDA9C-773D-42F1-93EC-2CFF3EC20848}.Debug|x64.Build.0 = Debug|Any CPU
		{AE7FDA9C-773D-42F1-93EC-2CFF3EC20848}.Debug|x86.ActiveCfg = Debug|Any CPU
		{AE7FDA9C-773D-42F1-93EC-2CFF3EC20848}.Debug|x86.Build.0 = Debug|Any CPU
		{AE7FDA9C-773D-42F1-93EC-2CFF3EC20848}.Release|Any CPU.ActiveCfg = Release|Any CPU
		{AE7FDA9C-773D-42F1-93EC-2CFF3EC20848}.Release|Any CPU.Build.0 = Release|Any CPU
		{AE7FDA9C-773D-42F1-93EC-2CFF3EC20848}.Release|x64.ActiveCfg = Release|Any CPU
		{AE7FDA9C-773D-42F1-93EC-2CFF3EC20848}.Release|x64.Build.0 = Release|Any CPU
		{AE7FDA9C-773D-42F1-93EC-2CFF3EC20848}.Release|x86.ActiveCfg = Release|Any CPU
		{AE7FDA9C-773D-42F1-93EC-2CFF3EC20848}.Release|x86.Build.0 = Release|Any CPU
		{DED4BC4E-5FAF-44FF-A931-9D77DFAADE1D}.Debug|Any CPU.ActiveCfg = Debug|Any CPU
		{DED4BC4E-5FAF-44FF-A931-9D77DFAADE1D}.Debug|Any CPU.Build.0 = Debug|Any CPU
		{DED4BC4E-5FAF-44FF-A931-9D77DFAADE1D}.Debug|x64.ActiveCfg = Debug|Any CPU
		{DED4BC4E-5FAF-44FF-A931-9D77DFAADE1D}.Debug|x64.Build.0 = Debug|Any CPU
		{DED4BC4E-5FAF-44FF-A931-9D77DFAADE1D}.Debug|x86.ActiveCfg = Debug|Any CPU
		{DED4BC4E-5FAF-44FF-A931-9D77DFAADE1D}.Debug|x86.Build.0 = Debug|Any CPU
		{DED4BC4E-5FAF-44FF-A931-9D77DFAADE1D}.Release|Any CPU.ActiveCfg = Release|Any CPU
		{DED4BC4E-5FAF-44FF-A931-9D77DFAADE1D}.Release|Any CPU.Build.0 = Release|Any CPU
		{DED4BC4E-5FAF-44FF-A931-9D77DFAADE1D}.Release|x64.ActiveCfg = Release|Any CPU
		{DED4BC4E-5FAF-44FF-A931-9D77DFAADE1D}.Release|x64.Build.0 = Release|Any CPU
		{DED4BC4E-5FAF-44FF-A931-9D77DFAADE1D}.Release|x86.ActiveCfg = Release|Any CPU
		{DED4BC4E-5FAF-44FF-A931-9D77DFAADE1D}.Release|x86.Build.0 = Release|Any CPU
		{72207EE4-7D27-4459-B3A1-618EDFDB79E8}.Debug|Any CPU.ActiveCfg = Debug|Any CPU
		{72207EE4-7D27-4459-B3A1-618EDFDB79E8}.Debug|Any CPU.Build.0 = Debug|Any CPU
		{72207EE4-7D27-4459-B3A1-618EDFDB79E8}.Debug|x64.ActiveCfg = Debug|Any CPU
		{72207EE4-7D27-4459-B3A1-618EDFDB79E8}.Debug|x64.Build.0 = Debug|Any CPU
		{72207EE4-7D27-4459-B3A1-618EDFDB79E8}.Debug|x86.ActiveCfg = Debug|Any CPU
		{72207EE4-7D27-4459-B3A1-618EDFDB79E8}.Debug|x86.Build.0 = Debug|Any CPU
		{72207EE4-7D27-4459-B3A1-618EDFDB79E8}.Release|Any CPU.ActiveCfg = Release|Any CPU
		{72207EE4-7D27-4459-B3A1-618EDFDB79E8}.Release|Any CPU.Build.0 = Release|Any CPU
		{72207EE4-7D27-4459-B3A1-618EDFDB79E8}.Release|x64.ActiveCfg = Release|Any CPU
		{72207EE4-7D27-4459-B3A1-618EDFDB79E8}.Release|x64.Build.0 = Release|Any CPU
		{72207EE4-7D27-4459-B3A1-618EDFDB79E8}.Release|x86.ActiveCfg = Release|Any CPU
		{72207EE4-7D27-4459-B3A1-618EDFDB79E8}.Release|x86.Build.0 = Release|Any CPU
		{CBE6B690-438B-4180-95E4-2C5B0165C627}.Debug|Any CPU.ActiveCfg = Debug|Any CPU
		{CBE6B690-438B-4180-95E4-2C5B0165C627}.Debug|Any CPU.Build.0 = Debug|Any CPU
		{CBE6B690-438B-4180-95E4-2C5B0165C627}.Debug|x64.ActiveCfg = Debug|Any CPU
		{CBE6B690-438B-4180-95E4-2C5B0165C627}.Debug|x64.Build.0 = Debug|Any CPU
		{CBE6B690-438B-4180-95E4-2C5B0165C627}.Debug|x86.ActiveCfg = Debug|Any CPU
		{CBE6B690-438B-4180-95E4-2C5B0165C627}.Debug|x86.Build.0 = Debug|Any CPU
		{CBE6B690-438B-4180-95E4-2C5B0165C627}.Release|Any CPU.ActiveCfg = Release|Any CPU
		{CBE6B690-438B-4180-95E4-2C5B0165C627}.Release|Any CPU.Build.0 = Release|Any CPU
		{CBE6B690-438B-4180-95E4-2C5B0165C627}.Release|x64.ActiveCfg = Release|Any CPU
		{CBE6B690-438B-4180-95E4-2C5B0165C627}.Release|x64.Build.0 = Release|Any CPU
		{CBE6B690-438B-4180-95E4-2C5B0165C627}.Release|x86.ActiveCfg = Release|Any CPU
		{CBE6B690-438B-4180-95E4-2C5B0165C627}.Release|x86.Build.0 = Release|Any CPU
		{F96ED071-4B23-438D-AB18-A5AE62CC8E8B}.Debug|Any CPU.ActiveCfg = Debug|Any CPU
		{F96ED071-4B23-438D-AB18-A5AE62CC8E8B}.Debug|Any CPU.Build.0 = Debug|Any CPU
		{F96ED071-4B23-438D-AB18-A5AE62CC8E8B}.Debug|x64.ActiveCfg = Debug|Any CPU
		{F96ED071-4B23-438D-AB18-A5AE62CC8E8B}.Debug|x64.Build.0 = Debug|Any CPU
		{F96ED071-4B23-438D-AB18-A5AE62CC8E8B}.Debug|x86.ActiveCfg = Debug|Any CPU
		{F96ED071-4B23-438D-AB18-A5AE62CC8E8B}.Debug|x86.Build.0 = Debug|Any CPU
		{F96ED071-4B23-438D-AB18-A5AE62CC8E8B}.Release|Any CPU.ActiveCfg = Release|Any CPU
		{F96ED071-4B23-438D-AB18-A5AE62CC8E8B}.Release|Any CPU.Build.0 = Release|Any CPU
		{F96ED071-4B23-438D-AB18-A5AE62CC8E8B}.Release|x64.ActiveCfg = Release|Any CPU
		{F96ED071-4B23-438D-AB18-A5AE62CC8E8B}.Release|x64.Build.0 = Release|Any CPU
		{F96ED071-4B23-438D-AB18-A5AE62CC8E8B}.Release|x86.ActiveCfg = Release|Any CPU
		{F96ED071-4B23-438D-AB18-A5AE62CC8E8B}.Release|x86.Build.0 = Release|Any CPU
		{5E184AA7-E494-42F8-BAB2-D4789EA3B071}.Debug|Any CPU.ActiveCfg = Debug|Any CPU
		{5E184AA7-E494-42F8-BAB2-D4789EA3B071}.Debug|Any CPU.Build.0 = Debug|Any CPU
		{5E184AA7-E494-42F8-BAB2-D4789EA3B071}.Debug|x64.ActiveCfg = Debug|Any CPU
		{5E184AA7-E494-42F8-BAB2-D4789EA3B071}.Debug|x64.Build.0 = Debug|Any CPU
		{5E184AA7-E494-42F8-BAB2-D4789EA3B071}.Debug|x86.ActiveCfg = Debug|Any CPU
		{5E184AA7-E494-42F8-BAB2-D4789EA3B071}.Debug|x86.Build.0 = Debug|Any CPU
		{5E184AA7-E494-42F8-BAB2-D4789EA3B071}.Release|Any CPU.ActiveCfg = Release|Any CPU
		{5E184AA7-E494-42F8-BAB2-D4789EA3B071}.Release|Any CPU.Build.0 = Release|Any CPU
		{5E184AA7-E494-42F8-BAB2-D4789EA3B071}.Release|x64.ActiveCfg = Release|Any CPU
		{5E184AA7-E494-42F8-BAB2-D4789EA3B071}.Release|x64.Build.0 = Release|Any CPU
		{5E184AA7-E494-42F8-BAB2-D4789EA3B071}.Release|x86.ActiveCfg = Release|Any CPU
		{5E184AA7-E494-42F8-BAB2-D4789EA3B071}.Release|x86.Build.0 = Release|Any CPU
		{92A9304B-8F71-4EF3-AF1B-283434F78DDF}.Debug|Any CPU.ActiveCfg = Debug|Any CPU
		{92A9304B-8F71-4EF3-AF1B-283434F78DDF}.Debug|Any CPU.Build.0 = Debug|Any CPU
		{92A9304B-8F71-4EF3-AF1B-283434F78DDF}.Debug|x64.ActiveCfg = Debug|Any CPU
		{92A9304B-8F71-4EF3-AF1B-283434F78DDF}.Debug|x64.Build.0 = Debug|Any CPU
		{92A9304B-8F71-4EF3-AF1B-283434F78DDF}.Debug|x86.ActiveCfg = Debug|Any CPU
		{92A9304B-8F71-4EF3-AF1B-283434F78DDF}.Debug|x86.Build.0 = Debug|Any CPU
		{92A9304B-8F71-4EF3-AF1B-283434F78DDF}.Release|Any CPU.ActiveCfg = Release|Any CPU
		{92A9304B-8F71-4EF3-AF1B-283434F78DDF}.Release|Any CPU.Build.0 = Release|Any CPU
		{92A9304B-8F71-4EF3-AF1B-283434F78DDF}.Release|x64.ActiveCfg = Release|Any CPU
		{92A9304B-8F71-4EF3-AF1B-283434F78DDF}.Release|x64.Build.0 = Release|Any CPU
		{92A9304B-8F71-4EF3-AF1B-283434F78DDF}.Release|x86.ActiveCfg = Release|Any CPU
		{92A9304B-8F71-4EF3-AF1B-283434F78DDF}.Release|x86.Build.0 = Release|Any CPU
		{091B8AB4-CA64-4709-ADD6-B6B15DC4B618}.Debug|Any CPU.ActiveCfg = Debug|Any CPU
		{091B8AB4-CA64-4709-ADD6-B6B15DC4B618}.Debug|Any CPU.Build.0 = Debug|Any CPU
		{091B8AB4-CA64-4709-ADD6-B6B15DC4B618}.Debug|x64.ActiveCfg = Debug|Any CPU
		{091B8AB4-CA64-4709-ADD6-B6B15DC4B618}.Debug|x64.Build.0 = Debug|Any CPU
		{091B8AB4-CA64-4709-ADD6-B6B15DC4B618}.Debug|x86.ActiveCfg = Debug|Any CPU
		{091B8AB4-CA64-4709-ADD6-B6B15DC4B618}.Debug|x86.Build.0 = Debug|Any CPU
		{091B8AB4-CA64-4709-ADD6-B6B15DC4B618}.Release|Any CPU.ActiveCfg = Release|Any CPU
		{091B8AB4-CA64-4709-ADD6-B6B15DC4B618}.Release|Any CPU.Build.0 = Release|Any CPU
		{091B8AB4-CA64-4709-ADD6-B6B15DC4B618}.Release|x64.ActiveCfg = Release|Any CPU
		{091B8AB4-CA64-4709-ADD6-B6B15DC4B618}.Release|x64.Build.0 = Release|Any CPU
		{091B8AB4-CA64-4709-ADD6-B6B15DC4B618}.Release|x86.ActiveCfg = Release|Any CPU
		{091B8AB4-CA64-4709-ADD6-B6B15DC4B618}.Release|x86.Build.0 = Release|Any CPU
	EndGlobalSection
	GlobalSection(SolutionProperties) = preSolution
		HideSolutionNode = FALSE
	EndGlobalSection
	GlobalSection(NestedProjects) = preSolution
		{204ECC8A-4C8C-06A8-7EEC-D568B118FA74} = {827E0CD3-B72D-47B6-A68D-7590B98EB39B}
		{92A9304B-8F71-4EF3-AF1B-283434F78DDF} = {204ECC8A-4C8C-06A8-7EEC-D568B118FA74}
		{4065407E-BDD1-CAFB-5329-7C785894C498} = {827E0CD3-B72D-47B6-A68D-7590B98EB39B}
		{091B8AB4-CA64-4709-ADD6-B6B15DC4B618} = {4065407E-BDD1-CAFB-5329-7C785894C498}
	EndGlobalSection
	GlobalSection(ExtensibilityGlobals) = postSolution
		SolutionGuid = {D7E15869-7AC3-41B0-89A9-B7F86E55A705}
	EndGlobalSection
EndGlobal
